// !$*UTF8*$!
{
	archiveVersion = 1;
	classes = {
	};
	objectVersion = 50;
	objects = {

/* Begin PBXBuildFile section */
		B71B96BB233E1EE1006513E6 /* AppDelegate.swift in Sources */ = {isa = PBXBuildFile; fileRef = B71B96BA233E1EE1006513E6 /* AppDelegate.swift */; };
		B71B96BD233E1EE1006513E6 /* ViewController.swift in Sources */ = {isa = PBXBuildFile; fileRef = B71B96BC233E1EE1006513E6 /* ViewController.swift */; };
		B71B96C0233E1EE1006513E6 /* Main.storyboard in Resources */ = {isa = PBXBuildFile; fileRef = B71B96BE233E1EE1006513E6 /* Main.storyboard */; };
		B71B96C3233E1EE1006513E6 /* Animation.xcdatamodeld in Sources */ = {isa = PBXBuildFile; fileRef = B71B96C1233E1EE1006513E6 /* Animation.xcdatamodeld */; };
		B71B96C5233E1EE3006513E6 /* Assets.xcassets in Resources */ = {isa = PBXBuildFile; fileRef = B71B96C4233E1EE3006513E6 /* Assets.xcassets */; };
		B71B96C8233E1EE3006513E6 /* LaunchScreen.storyboard in Resources */ = {isa = PBXBuildFile; fileRef = B71B96C6233E1EE3006513E6 /* LaunchScreen.storyboard */; };
		B71B96D3233E1EE3006513E6 /* AnimationTests.swift in Sources */ = {isa = PBXBuildFile; fileRef = B71B96D2233E1EE3006513E6 /* AnimationTests.swift */; };
		B71B96DE233E1EE3006513E6 /* AnimationUITests.swift in Sources */ = {isa = PBXBuildFile; fileRef = B71B96DD233E1EE3006513E6 /* AnimationUITests.swift */; };
		B71B96EC233E2EEF006513E6 /* ListANimationTableView.swift in Sources */ = {isa = PBXBuildFile; fileRef = B71B96EB233E2EEF006513E6 /* ListANimationTableView.swift */; };
		B751C7452419060D00A11ACE /* bounce.gif in Resources */ = {isa = PBXBuildFile; fileRef = B751C7442419060D00A11ACE /* bounce.gif */; };
		B751C7472419061700A11ACE /* gif_xcode.gif in Resources */ = {isa = PBXBuildFile; fileRef = B751C7462419061700A11ACE /* gif_xcode.gif */; };
/* End PBXBuildFile section */

/* Begin PBXContainerItemProxy section */
		B71B96CF233E1EE3006513E6 /* PBXContainerItemProxy */ = {
			isa = PBXContainerItemProxy;
			containerPortal = B71B96AF233E1EE1006513E6 /* Project object */;
			proxyType = 1;
			remoteGlobalIDString = B71B96B6233E1EE1006513E6;
			remoteInfo = Animation;
		};
		B71B96DA233E1EE3006513E6 /* PBXContainerItemProxy */ = {
			isa = PBXContainerItemProxy;
			containerPortal = B71B96AF233E1EE1006513E6 /* Project object */;
			proxyType = 1;
			remoteGlobalIDString = B71B96B6233E1EE1006513E6;
			remoteInfo = Animation;
		};
/* End PBXContainerItemProxy section */

/* Begin PBXFileReference section */
		B71B96B7233E1EE1006513E6 /* Animation.app */ = {isa = PBXFileReference; explicitFileType = wrapper.application; includeInIndex = 0; path = Animation.app; sourceTree = BUILT_PRODUCTS_DIR; };
		B71B96BA233E1EE1006513E6 /* AppDelegate.swift */ = {isa = PBXFileReference; lastKnownFileType = sourcecode.swift; path = AppDelegate.swift; sourceTree = "<group>"; };
		B71B96BC233E1EE1006513E6 /* ViewController.swift */ = {isa = PBXFileReference; lastKnownFileType = sourcecode.swift; path = ViewController.swift; sourceTree = "<group>"; };
		B71B96BF233E1EE1006513E6 /* Base */ = {isa = PBXFileReference; lastKnownFileType = file.storyboard; name = Base; path = Base.lproj/Main.storyboard; sourceTree = "<group>"; };
		B71B96C2233E1EE1006513E6 /* Animation.xcdatamodel */ = {isa = PBXFileReference; lastKnownFileType = wrapper.xcdatamodel; path = Animation.xcdatamodel; sourceTree = "<group>"; };
		B71B96C4233E1EE3006513E6 /* Assets.xcassets */ = {isa = PBXFileReference; lastKnownFileType = folder.assetcatalog; path = Assets.xcassets; sourceTree = "<group>"; };
		B71B96C7233E1EE3006513E6 /* Base */ = {isa = PBXFileReference; lastKnownFileType = file.storyboard; name = Base; path = Base.lproj/LaunchScreen.storyboard; sourceTree = "<group>"; };
		B71B96C9233E1EE3006513E6 /* Info.plist */ = {isa = PBXFileReference; lastKnownFileType = text.plist.xml; path = Info.plist; sourceTree = "<group>"; };
		B71B96CE233E1EE3006513E6 /* AnimationTests.xctest */ = {isa = PBXFileReference; explicitFileType = wrapper.cfbundle; includeInIndex = 0; path = AnimationTests.xctest; sourceTree = BUILT_PRODUCTS_DIR; };
		B71B96D2233E1EE3006513E6 /* AnimationTests.swift */ = {isa = PBXFileReference; lastKnownFileType = sourcecode.swift; path = AnimationTests.swift; sourceTree = "<group>"; };
		B71B96D4233E1EE3006513E6 /* Info.plist */ = {isa = PBXFileReference; lastKnownFileType = text.plist.xml; path = Info.plist; sourceTree = "<group>"; };
		B71B96D9233E1EE3006513E6 /* AnimationUITests.xctest */ = {isa = PBXFileReference; explicitFileType = wrapper.cfbundle; includeInIndex = 0; path = AnimationUITests.xctest; sourceTree = BUILT_PRODUCTS_DIR; };
		B71B96DD233E1EE3006513E6 /* AnimationUITests.swift */ = {isa = PBXFileReference; lastKnownFileType = sourcecode.swift; path = AnimationUITests.swift; sourceTree = "<group>"; };
		B71B96DF233E1EE3006513E6 /* Info.plist */ = {isa = PBXFileReference; lastKnownFileType = text.plist.xml; path = Info.plist; sourceTree = "<group>"; };
		B71B96EB233E2EEF006513E6 /* ListANimationTableView.swift */ = {isa = PBXFileReference; lastKnownFileType = sourcecode.swift; path = ListANimationTableView.swift; sourceTree = "<group>"; };
		B751C7442419060D00A11ACE /* bounce.gif */ = {isa = PBXFileReference; lastKnownFileType = image.gif; path = bounce.gif; sourceTree = "<group>"; };
		B751C7462419061700A11ACE /* gif_xcode.gif */ = {isa = PBXFileReference; lastKnownFileType = image.gif; path = gif_xcode.gif; sourceTree = "<group>"; };
/* End PBXFileReference section */

/* Begin PBXFrameworksBuildPhase section */
		B71B96B4233E1EE1006513E6 /* Frameworks */ = {
			isa = PBXFrameworksBuildPhase;
			buildActionMask = 2147483647;
			files = (
			);
			runOnlyForDeploymentPostprocessing = 0;
		};
		B71B96CB233E1EE3006513E6 /* Frameworks */ = {
			isa = PBXFrameworksBuildPhase;
			buildActionMask = 2147483647;
			files = (
			);
			runOnlyForDeploymentPostprocessing = 0;
		};
		B71B96D6233E1EE3006513E6 /* Frameworks */ = {
			isa = PBXFrameworksBuildPhase;
			buildActionMask = 2147483647;
			files = (
			);
			runOnlyForDeploymentPostprocessing = 0;
		};
/* End PBXFrameworksBuildPhase section */

/* Begin PBXGroup section */
		B71B96AE233E1EE1006513E6 = {
			isa = PBXGroup;
			children = (
				B751C743241905F000A11ACE /* Attachment */,
				B71B96B9233E1EE1006513E6 /* Animation */,
				B71B96D1233E1EE3006513E6 /* AnimationTests */,
				B71B96DC233E1EE3006513E6 /* AnimationUITests */,
				B71B96B8233E1EE1006513E6 /* Products */,
			);
			sourceTree = "<group>";
		};
		B71B96B8233E1EE1006513E6 /* Products */ = {
			isa = PBXGroup;
			children = (
				B71B96B7233E1EE1006513E6 /* Animation.app */,
				B71B96CE233E1EE3006513E6 /* AnimationTests.xctest */,
				B71B96D9233E1EE3006513E6 /* AnimationUITests.xctest */,
			);
			name = Products;
			sourceTree = "<group>";
		};
		B71B96B9233E1EE1006513E6 /* Animation */ = {
			isa = PBXGroup;
			children = (
				B71B96BA233E1EE1006513E6 /* AppDelegate.swift */,
				B71B96BC233E1EE1006513E6 /* ViewController.swift */,
				B71B96BE233E1EE1006513E6 /* Main.storyboard */,
				B71B96C4233E1EE3006513E6 /* Assets.xcassets */,
				B71B96C6233E1EE3006513E6 /* LaunchScreen.storyboard */,
				B71B96C9233E1EE3006513E6 /* Info.plist */,
				B71B96C1233E1EE1006513E6 /* Animation.xcdatamodeld */,
				B71B96EB233E2EEF006513E6 /* ListANimationTableView.swift */,
			);
			path = Animation;
			sourceTree = "<group>";
		};
		B71B96D1233E1EE3006513E6 /* AnimationTests */ = {
			isa = PBXGroup;
			children = (
				B71B96D2233E1EE3006513E6 /* AnimationTests.swift */,
				B71B96D4233E1EE3006513E6 /* Info.plist */,
			);
			path = AnimationTests;
			sourceTree = "<group>";
		};
		B71B96DC233E1EE3006513E6 /* AnimationUITests */ = {
			isa = PBXGroup;
			children = (
				B71B96DD233E1EE3006513E6 /* AnimationUITests.swift */,
				B71B96DF233E1EE3006513E6 /* Info.plist */,
			);
			path = AnimationUITests;
			sourceTree = "<group>";
		};
		B751C743241905F000A11ACE /* Attachment */ = {
			isa = PBXGroup;
			children = (
				B751C7462419061700A11ACE /* gif_xcode.gif */,
				B751C7442419060D00A11ACE /* bounce.gif */,
			);
			path = Attachment;
			sourceTree = "<group>";
		};
/* End PBXGroup section */

/* Begin PBXNativeTarget section */
		B71B96B6233E1EE1006513E6 /* Animation */ = {
			isa = PBXNativeTarget;
			buildConfigurationList = B71B96E2233E1EE3006513E6 /* Build configuration list for PBXNativeTarget "Animation" */;
			buildPhases = (
				B71B96B3233E1EE1006513E6 /* Sources */,
				B71B96B4233E1EE1006513E6 /* Frameworks */,
				B71B96B5233E1EE1006513E6 /* Resources */,
			);
			buildRules = (
			);
			dependencies = (
			);
			name = Animation;
			productName = Animation;
			productReference = B71B96B7233E1EE1006513E6 /* Animation.app */;
			productType = "com.apple.product-type.application";
		};
		B71B96CD233E1EE3006513E6 /* AnimationTests */ = {
			isa = PBXNativeTarget;
			buildConfigurationList = B71B96E5233E1EE3006513E6 /* Build configuration list for PBXNativeTarget "AnimationTests" */;
			buildPhases = (
				B71B96CA233E1EE3006513E6 /* Sources */,
				B71B96CB233E1EE3006513E6 /* Frameworks */,
				B71B96CC233E1EE3006513E6 /* Resources */,
			);
			buildRules = (
			);
			dependencies = (
				B71B96D0233E1EE3006513E6 /* PBXTargetDependency */,
			);
			name = AnimationTests;
			productName = AnimationTests;
			productReference = B71B96CE233E1EE3006513E6 /* AnimationTests.xctest */;
			productType = "com.apple.product-type.bundle.unit-test";
		};
		B71B96D8233E1EE3006513E6 /* AnimationUITests */ = {
			isa = PBXNativeTarget;
			buildConfigurationList = B71B96E8233E1EE3006513E6 /* Build configuration list for PBXNativeTarget "AnimationUITests" */;
			buildPhases = (
				B71B96D5233E1EE3006513E6 /* Sources */,
				B71B96D6233E1EE3006513E6 /* Frameworks */,
				B71B96D7233E1EE3006513E6 /* Resources */,
			);
			buildRules = (
			);
			dependencies = (
				B71B96DB233E1EE3006513E6 /* PBXTargetDependency */,
			);
			name = AnimationUITests;
			productName = AnimationUITests;
			productReference = B71B96D9233E1EE3006513E6 /* AnimationUITests.xctest */;
			productType = "com.apple.product-type.bundle.ui-testing";
		};
/* End PBXNativeTarget section */

/* Begin PBXProject section */
		B71B96AF233E1EE1006513E6 /* Project object */ = {
			isa = PBXProject;
			attributes = {
				LastSwiftUpdateCheck = 1030;
				LastUpgradeCheck = 1030;
				ORGANIZATIONNAME = MacHD;
				TargetAttributes = {
					B71B96B6233E1EE1006513E6 = {
						CreatedOnToolsVersion = 10.3;
					};
					B71B96CD233E1EE3006513E6 = {
						CreatedOnToolsVersion = 10.3;
						TestTargetID = B71B96B6233E1EE1006513E6;
					};
					B71B96D8233E1EE3006513E6 = {
						CreatedOnToolsVersion = 10.3;
						TestTargetID = B71B96B6233E1EE1006513E6;
					};
				};
			};
			buildConfigurationList = B71B96B2233E1EE1006513E6 /* Build configuration list for PBXProject "Animation" */;
			compatibilityVersion = "Xcode 9.3";
			developmentRegion = en;
			hasScannedForEncodings = 0;
			knownRegions = (
				en,
				Base,
			);
			mainGroup = B71B96AE233E1EE1006513E6;
			productRefGroup = B71B96B8233E1EE1006513E6 /* Products */;
			projectDirPath = "";
			projectRoot = "";
			targets = (
				B71B96B6233E1EE1006513E6 /* Animation */,
				B71B96CD233E1EE3006513E6 /* AnimationTests */,
				B71B96D8233E1EE3006513E6 /* AnimationUITests */,
			);
		};
/* End PBXProject section */

/* Begin PBXResourcesBuildPhase section */
		B71B96B5233E1EE1006513E6 /* Resources */ = {
			isa = PBXResourcesBuildPhase;
			buildActionMask = 2147483647;
			files = (
				B71B96C8233E1EE3006513E6 /* LaunchScreen.storyboard in Resources */,
				B71B96C5233E1EE3006513E6 /* Assets.xcassets in Resources */,
				B751C7472419061700A11ACE /* gif_xcode.gif in Resources */,
				B751C7452419060D00A11ACE /* bounce.gif in Resources */,
				B71B96C0233E1EE1006513E6 /* Main.storyboard in Resources */,
			);
			runOnlyForDeploymentPostprocessing = 0;
		};
		B71B96CC233E1EE3006513E6 /* Resources */ = {
			isa = PBXResourcesBuildPhase;
			buildActionMask = 2147483647;
			files = (
			);
			runOnlyForDeploymentPostprocessing = 0;
		};
		B71B96D7233E1EE3006513E6 /* Resources */ = {
			isa = PBXResourcesBuildPhase;
			buildActionMask = 2147483647;
			files = (
			);
			runOnlyForDeploymentPostprocessing = 0;
		};
/* End PBXResourcesBuildPhase section */

/* Begin PBXSourcesBuildPhase section */
		B71B96B3233E1EE1006513E6 /* Sources */ = {
			isa = PBXSourcesBuildPhase;
			buildActionMask = 2147483647;
			files = (
				B71B96C3233E1EE1006513E6 /* Animation.xcdatamodeld in Sources */,
				B71B96BD233E1EE1006513E6 /* ViewController.swift in Sources */,
				B71B96EC233E2EEF006513E6 /* ListANimationTableView.swift in Sources */,
				B71B96BB233E1EE1006513E6 /* AppDelegate.swift in Sources */,
			);
			runOnlyForDeploymentPostprocessing = 0;
		};
		B71B96CA233E1EE3006513E6 /* Sources */ = {
			isa = PBXSourcesBuildPhase;
			buildActionMask = 2147483647;
			files = (
				B71B96D3233E1EE3006513E6 /* AnimationTests.swift in Sources */,
			);
			runOnlyForDeploymentPostprocessing = 0;
		};
		B71B96D5233E1EE3006513E6 /* Sources */ = {
			isa = PBXSourcesBuildPhase;
			buildActionMask = 2147483647;
			files = (
				B71B96DE233E1EE3006513E6 /* AnimationUITests.swift in Sources */,
			);
			runOnlyForDeploymentPostprocessing = 0;
		};
/* End PBXSourcesBuildPhase section */

/* Begin PBXTargetDependency section */
		B71B96D0233E1EE3006513E6 /* PBXTargetDependency */ = {
			isa = PBXTargetDependency;
			target = B71B96B6233E1EE1006513E6 /* Animation */;
			targetProxy = B71B96CF233E1EE3006513E6 /* PBXContainerItemProxy */;
		};
		B71B96DB233E1EE3006513E6 /* PBXTargetDependency */ = {
			isa = PBXTargetDependency;
			target = B71B96B6233E1EE1006513E6 /* Animation */;
			targetProxy = B71B96DA233E1EE3006513E6 /* PBXContainerItemProxy */;
		};
/* End PBXTargetDependency section */

/* Begin PBXVariantGroup section */
		B71B96BE233E1EE1006513E6 /* Main.storyboard */ = {
			isa = PBXVariantGroup;
			children = (
				B71B96BF233E1EE1006513E6 /* Base */,
			);
			name = Main.storyboard;
			sourceTree = "<group>";
		};
		B71B96C6233E1EE3006513E6 /* LaunchScreen.storyboard */ = {
			isa = PBXVariantGroup;
			children = (
				B71B96C7233E1EE3006513E6 /* Base */,
			);
			name = LaunchScreen.storyboard;
			sourceTree = "<group>";
		};
/* End PBXVariantGroup section */

/* Begin XCBuildConfiguration section */
		B71B96E0233E1EE3006513E6 /* Debug */ = {
			isa = XCBuildConfiguration;
			buildSettings = {
				ALWAYS_SEARCH_USER_PATHS = NO;
				CLANG_ANALYZER_NONNULL = YES;
				CLANG_ANALYZER_NUMBER_OBJECT_CONVERSION = YES_AGGRESSIVE;
				CLANG_CXX_LANGUAGE_STANDARD = "gnu++14";
				CLANG_CXX_LIBRARY = "libc++";
				CLANG_ENABLE_MODULES = YES;
				CLANG_ENABLE_OBJC_ARC = YES;
				CLANG_ENABLE_OBJC_WEAK = YES;
				CLANG_WARN_BLOCK_CAPTURE_AUTORELEASING = YES;
				CLANG_WARN_BOOL_CONVERSION = YES;
				CLANG_WARN_COMMA = YES;
				CLANG_WARN_CONSTANT_CONVERSION = YES;
				CLANG_WARN_DEPRECATED_OBJC_IMPLEMENTATIONS = YES;
				CLANG_WARN_DIRECT_OBJC_ISA_USAGE = YES_ERROR;
				CLANG_WARN_DOCUMENTATION_COMMENTS = YES;
				CLANG_WARN_EMPTY_BODY = YES;
				CLANG_WARN_ENUM_CONVERSION = YES;
				CLANG_WARN_INFINITE_RECURSION = YES;
				CLANG_WARN_INT_CONVERSION = YES;
				CLANG_WARN_NON_LITERAL_NULL_CONVERSION = YES;
				CLANG_WARN_OBJC_IMPLICIT_RETAIN_SELF = YES;
				CLANG_WARN_OBJC_LITERAL_CONVERSION = YES;
				CLANG_WARN_OBJC_ROOT_CLASS = YES_ERROR;
				CLANG_WARN_RANGE_LOOP_ANALYSIS = YES;
				CLANG_WARN_STRICT_PROTOTYPES = YES;
				CLANG_WARN_SUSPICIOUS_MOVE = YES;
				CLANG_WARN_UNGUARDED_AVAILABILITY = YES_AGGRESSIVE;
				CLANG_WARN_UNREACHABLE_CODE = YES;
				CLANG_WARN__DUPLICATE_METHOD_MATCH = YES;
				CODE_SIGN_IDENTITY = "iPhone Developer";
				COPY_PHASE_STRIP = NO;
				DEBUG_INFORMATION_FORMAT = dwarf;
				ENABLE_STRICT_OBJC_MSGSEND = YES;
				ENABLE_TESTABILITY = YES;
				GCC_C_LANGUAGE_STANDARD = gnu11;
				GCC_DYNAMIC_NO_PIC = NO;
				GCC_NO_COMMON_BLOCKS = YES;
				GCC_OPTIMIZATION_LEVEL = 0;
				GCC_PREPROCESSOR_DEFINITIONS = (
					"DEBUG=1",
					"$(inherited)",
				);
				GCC_WARN_64_TO_32_BIT_CONVERSION = YES;
				GCC_WARN_ABOUT_RETURN_TYPE = YES_ERROR;
				GCC_WARN_UNDECLARED_SELECTOR = YES;
				GCC_WARN_UNINITIALIZED_AUTOS = YES_AGGRESSIVE;
				GCC_WARN_UNUSED_FUNCTION = YES;
				GCC_WARN_UNUSED_VARIABLE = YES;
				IPHONEOS_DEPLOYMENT_TARGET = 12.4;
				MTL_ENABLE_DEBUG_INFO = INCLUDE_SOURCE;
				MTL_FAST_MATH = YES;
				ONLY_ACTIVE_ARCH = YES;
				SDKROOT = iphoneos;
				SWIFT_ACTIVE_COMPILATION_CONDITIONS = DEBUG;
				SWIFT_OPTIMIZATION_LEVEL = "-Onone";
			};
			name = Debug;
		};
		B71B96E1233E1EE3006513E6 /* Release */ = {
			isa = XCBuildConfiguration;
			buildSettings = {
				ALWAYS_SEARCH_USER_PATHS = NO;
				CLANG_ANALYZER_NONNULL = YES;
				CLANG_ANALYZER_NUMBER_OBJECT_CONVERSION = YES_AGGRESSIVE;
				CLANG_CXX_LANGUAGE_STANDARD = "gnu++14";
				CLANG_CXX_LIBRARY = "libc++";
				CLANG_ENABLE_MODULES = YES;
				CLANG_ENABLE_OBJC_ARC = YES;
				CLANG_ENABLE_OBJC_WEAK = YES;
				CLANG_WARN_BLOCK_CAPTURE_AUTORELEASING = YES;
				CLANG_WARN_BOOL_CONVERSION = YES;
				CLANG_WARN_COMMA = YES;
				CLANG_WARN_CONSTANT_CONVERSION = YES;
				CLANG_WARN_DEPRECATED_OBJC_IMPLEMENTATIONS = YES;
				CLANG_WARN_DIRECT_OBJC_ISA_USAGE = YES_ERROR;
				CLANG_WARN_DOCUMENTATION_COMMENTS = YES;
				CLANG_WARN_EMPTY_BODY = YES;
				CLANG_WARN_ENUM_CONVERSION = YES;
				CLANG_WARN_INFINITE_RECURSION = YES;
				CLANG_WARN_INT_CONVERSION = YES;
				CLANG_WARN_NON_LITERAL_NULL_CONVERSION = YES;
				CLANG_WARN_OBJC_IMPLICIT_RETAIN_SELF = YES;
				CLANG_WARN_OBJC_LITERAL_CONVERSION = YES;
				CLANG_WARN_OBJC_ROOT_CLASS = YES_ERROR;
				CLANG_WARN_RANGE_LOOP_ANALYSIS = YES;
				CLANG_WARN_STRICT_PROTOTYPES = YES;
				CLANG_WARN_SUSPICIOUS_MOVE = YES;
				CLANG_WARN_UNGUARDED_AVAILABILITY = YES_AGGRESSIVE;
				CLANG_WARN_UNREACHABLE_CODE = YES;
				CLANG_WARN__DUPLICATE_METHOD_MATCH = YES;
				CODE_SIGN_IDENTITY = "iPhone Developer";
				COPY_PHASE_STRIP = NO;
				DEBUG_INFORMATION_FORMAT = "dwarf-with-dsym";
				ENABLE_NS_ASSERTIONS = NO;
				ENABLE_STRICT_OBJC_MSGSEND = YES;
				GCC_C_LANGUAGE_STANDARD = gnu11;
				GCC_NO_COMMON_BLOCKS = YES;
				GCC_WARN_64_TO_32_BIT_CONVERSION = YES;
				GCC_WARN_ABOUT_RETURN_TYPE = YES_ERROR;
				GCC_WARN_UNDECLARED_SELECTOR = YES;
				GCC_WARN_UNINITIALIZED_AUTOS = YES_AGGRESSIVE;
				GCC_WARN_UNUSED_FUNCTION = YES;
				GCC_WARN_UNUSED_VARIABLE = YES;
				IPHONEOS_DEPLOYMENT_TARGET = 12.4;
				MTL_ENABLE_DEBUG_INFO = NO;
				MTL_FAST_MATH = YES;
				SDKROOT = iphoneos;
				SWIFT_COMPILATION_MODE = wholemodule;
				SWIFT_OPTIMIZATION_LEVEL = "-O";
				VALIDATE_PRODUCT = YES;
			};
			name = Release;
		};
		B71B96E3233E1EE3006513E6 /* Debug */ = {
			isa = XCBuildConfiguration;
			buildSettings = {
				ASSETCATALOG_COMPILER_APPICON_NAME = AppIcon;
				CODE_SIGN_STYLE = Automatic;
				DEVELOPMENT_TEAM = 3R7KB94X5D;
				INFOPLIST_FILE = Animation/Info.plist;
				LD_RUNPATH_SEARCH_PATHS = (
					"$(inherited)",
					"@executable_path/Frameworks",
				);
				PRODUCT_BUNDLE_IDENTIFIER = com.gg.Animation;
				PRODUCT_NAME = "$(TARGET_NAME)";
				SWIFT_VERSION = 5.0;
				TARGETED_DEVICE_FAMILY = "1,2";
			};
			name = Debug;
		};
		B71B96E4233E1EE3006513E6 /* Release */ = {
			isa = XCBuildConfiguration;
			buildSettings = {
				ASSETCATALOG_COMPILER_APPICON_NAME = AppIcon;
				CODE_SIGN_STYLE = Automatic;
				DEVELOPMENT_TEAM = 3R7KB94X5D;
				INFOPLIST_FILE = Animation/Info.plist;
				LD_RUNPATH_SEARCH_PATHS = (
					"$(inherited)",
					"@executable_path/Frameworks",
				);
				PRODUCT_BUNDLE_IDENTIFIER = com.gg.Animation;
				PRODUCT_NAME = "$(TARGET_NAME)";
				SWIFT_VERSION = 5.0;
				TARGETED_DEVICE_FAMILY = "1,2";
			};
			name = Release;
		};
		B71B96E6233E1EE3006513E6 /* Debug */ = {
			isa = XCBuildConfiguration;
			buildSettings = {
				ALWAYS_EMBED_SWIFT_STANDARD_LIBRARIES = YES;
				BUNDLE_LOADER = "$(TEST_HOST)";
				CODE_SIGN_STYLE = Automatic;
				DEVELOPMENT_TEAM = 3R7KB94X5D;
				INFOPLIST_FILE = AnimationTests/Info.plist;
				LD_RUNPATH_SEARCH_PATHS = (
					"$(inherited)",
					"@executable_path/Frameworks",
					"@loader_path/Frameworks",
				);
				PRODUCT_BUNDLE_IDENTIFIER = com.gg.AnimationTests;
				PRODUCT_NAME = "$(TARGET_NAME)";
				SWIFT_VERSION = 5.0;
				TARGETED_DEVICE_FAMILY = "1,2";
				TEST_HOST = "$(BUILT_PRODUCTS_DIR)/Animation.app/Animation";
			};
			name = Debug;
		};
		B71B96E7233E1EE3006513E6 /* Release */ = {
			isa = XCBuildConfiguration;
			buildSettings = {
				ALWAYS_EMBED_SWIFT_STANDARD_LIBRARIES = YES;
				BUNDLE_LOADER = "$(TEST_HOST)";
				CODE_SIGN_STYLE = Automatic;
				DEVELOPMENT_TEAM = 3R7KB94X5D;
				INFOPLIST_FILE = AnimationTests/Info.plist;
				LD_RUNPATH_SEARCH_PATHS = (
					"$(inherited)",
					"@executable_path/Frameworks",
					"@loader_path/Frameworks",
				);
				PRODUCT_BUNDLE_IDENTIFIER = com.gg.AnimationTests;
				PRODUCT_NAME = "$(TARGET_NAME)";
				SWIFT_VERSION = 5.0;
				TARGETED_DEVICE_FAMILY = "1,2";
				TEST_HOST = "$(BUILT_PRODUCTS_DIR)/Animation.app/Animation";
			};
			name = Release;
		};
		B71B96E9233E1EE3006513E6 /* Debug */ = {
			isa = XCBuildConfiguration;
			buildSettings = {
				ALWAYS_EMBED_SWIFT_STANDARD_LIBRARIES = YES;
				CODE_SIGN_STYLE = Automatic;
				DEVELOPMENT_TEAM = 3R7KB94X5D;
				INFOPLIST_FILE = AnimationUITests/Info.plist;
				LD_RUNPATH_SEARCH_PATHS = (
					"$(inherited)",
					"@executable_path/Frameworks",
					"@loader_path/Frameworks",
				);
				PRODUCT_BUNDLE_IDENTIFIER = com.gg.AnimationUITests;
				PRODUCT_NAME = "$(TARGET_NAME)";
				SWIFT_VERSION = 5.0;
				TARGETED_DEVICE_FAMILY = "1,2";
				TEST_TARGET_NAME = Animation;
			};
			name = Debug;
		};
		B71B96EA233E1EE3006513E6 /* Release */ = {
			isa = XCBuildConfiguration;
			buildSettings = {
				ALWAYS_EMBED_SWIFT_STANDARD_LIBRARIES = YES;
				CODE_SIGN_STYLE = Automatic;
				DEVELOPMENT_TEAM = 3R7KB94X5D;
				INFOPLIST_FILE = AnimationUITests/Info.plist;
				LD_RUNPATH_SEARCH_PATHS = (
					"$(inherited)",
					"@executable_path/Frameworks",
					"@loader_path/Frameworks",
				);
				PRODUCT_BUNDLE_IDENTIFIER = com.gg.AnimationUITests;
				PRODUCT_NAME = "$(TARGET_NAME)";
				SWIFT_VERSION = 5.0;
				TARGETED_DEVICE_FAMILY = "1,2";
				TEST_TARGET_NAME = Animation;
			};
			name = Release;
		};
/* End XCBuildConfiguration section */

/* Begin XCConfigurationList section */
		B71B96B2233E1EE1006513E6 /* Build configuration list for PBXProject "Animation" */ = {
			isa = XCConfigurationList;
			buildConfigurations = (
				B71B96E0233E1EE3006513E6 /* Debug */,
				B71B96E1233E1EE3006513E6 /* Release */,
			);
			defaultConfigurationIsVisible = 0;
			defaultConfigurationName = Release;
		};
		B71B96E2233E1EE3006513E6 /* Build configuration list for PBXNativeTarget "Animation" */ = {
			isa = XCConfigurationList;
			buildConfigurations = (
				B71B96E3233E1EE3006513E6 /* Debug */,
				B71B96E4233E1EE3006513E6 /* Release */,
			);
			defaultConfigurationIsVisible = 0;
			defaultConfigurationName = Release;
		};
		B71B96E5233E1EE3006513E6 /* Build configuration list for PBXNativeTarget "AnimationTests" */ = {
			isa = XCConfigurationList;
			buildConfigurations = (
				B71B96E6233E1EE3006513E6 /* Debug */,
				B71B96E7233E1EE3006513E6 /* Release */,
			);
			defaultConfigurationIsVisible = 0;
			defaultConfigurationName = Release;
		};
		B71B96E8233E1EE3006513E6 /* Build configuration list for PBXNativeTarget "AnimationUITests" */ = {
			isa = XCConfigurationList;
			buildConfigurations = (
				B71B96E9233E1EE3006513E6 /* Debug */,
				B71B96EA233E1EE3006513E6 /* Release */,
			);
			defaultConfigurationIsVisible = 0;
			defaultConfigurationName = Release;
		};
/* End XCConfigurationList section */

/* Begin XCVersionGroup section */
		B71B96C1233E1EE1006513E6 /* Animation.xcdatamodeld */ = {
			isa = XCVersionGroup;
			children = (
				B71B96C2233E1EE1006513E6 /* Animation.xcdatamodel */,
			);
			currentVersion = B71B96C2233E1EE1006513E6 /* Animation.xcdatamodel */;
			path = Animation.xcdatamodeld;
			sourceTree = "<group>";
			versionGroupType = wrapper.xcdatamodel;
		};
/* End XCVersionGroup section */
	};
	rootObject = B71B96AF233E1EE1006513E6 /* Project object */;
}
